
Microsoft Visual Studio Solution File, Format Version 12.00
# Visual Studio Version 16
VisualStudioVersion = 16.0.31019.35
MinimumVisualStudioVersion = 10.0.40219.1
Project("{FAE04EC0-301F-11D3-BF4B-00C04F79EFBC}") = "curso.api", "curso.api\curso.api.csproj", "{761EAC4E-AEB7-4F19-BD61-F6A2C88F5C2F}"
EndProject
Global
	GlobalSection(SolutionConfigurationPlatforms) = preSolution
		Debug|Any CPU = Debug|Any CPU
		Release|Any CPU = Release|Any CPU
	EndGlobalSection
	GlobalSection(ProjectConfigurationPlatforms) = postSolution
		{761EAC4E-AEB7-4F19-BD61-F6A2C88F5C2F}.Debug|Any CPU.ActiveCfg = Debug|Any CPU
		{761EAC4E-AEB7-4F19-BD61-F6A2C88F5C2F}.Debug|Any CPU.Build.0 = Debug|Any CPU
		{761EAC4E-AEB7-4F19-BD61-F6A2C88F5C2F}.Release|Any CPU.ActiveCfg = Release|Any CPU
		{761EAC4E-AEB7-4F19-BD61-F6A2C88F5C2F}.Release|Any CPU.Build.0 = Release|Any CPU
	EndGlobalSection
	GlobalSection(SolutionProperties) = preSolution
		HideSolutionNode = FALSE
	EndGlobalSection
	GlobalSection(ExtensibilityGlobals) = postSolution
		SolutionGuid = {34D87545-CB38-4C7A-AB85-8ED363E4FB77}
	EndGlobalSection
EndGlobal
